
Microsoft Visual Studio Solution File, Format Version 12.00
# Visual Studio Version 16
VisualStudioVersion = 16.0.29613.14
MinimumVisualStudioVersion = 10.0.40219.1
Project("{FAE04EC0-301F-11D3-BF4B-00C04F79EFBC}") = "ITDeveloper1", "ITDeveloper1\ITDeveloper1.csproj", "{A6BEED18-449E-41A2-9DB9-E802AD49CF11}"
EndProject
Project("{2150E333-8FDC-42A3-9474-1A3956D46DE8}") = "Presentation", "Presentation", "{6DFA597A-DF4A-4FC7-A0E2-2CEDF8C0E6E4}"
EndProject
Global
	GlobalSection(SolutionConfigurationPlatforms) = preSolution
		Debug|Any CPU = Debug|Any CPU
		Release|Any CPU = Release|Any CPU
	EndGlobalSection
	GlobalSection(ProjectConfigurationPlatforms) = postSolution
		{A6BEED18-449E-41A2-9DB9-E802AD49CF11}.Debug|Any CPU.ActiveCfg = Debug|Any CPU
		{A6BEED18-449E-41A2-9DB9-E802AD49CF11}.Debug|Any CPU.Build.0 = Debug|Any CPU
		{A6BEED18-449E-41A2-9DB9-E802AD49CF11}.Release|Any CPU.ActiveCfg = Release|Any CPU
		{A6BEED18-449E-41A2-9DB9-E802AD49CF11}.Release|Any CPU.Build.0 = Release|Any CPU
	EndGlobalSection
	GlobalSection(SolutionProperties) = preSolution
		HideSolutionNode = FALSE
	EndGlobalSection
	GlobalSection(NestedProjects) = preSolution
		{A6BEED18-449E-41A2-9DB9-E802AD49CF11} = {6DFA597A-DF4A-4FC7-A0E2-2CEDF8C0E6E4}
	EndGlobalSection
	GlobalSection(ExtensibilityGlobals) = postSolution
		SolutionGuid = {953F6E1E-327B-4DE3-BDA9-B644C3F73585}
	EndGlobalSection
EndGlobal
